
Microsoft Visual Studio Solution File, Format Version 12.00
# Visual Studio Version 17
VisualStudioVersion = 17.8.34330.188
MinimumVisualStudioVersion = 10.0.40219.1
Project("{FAE04EC0-301F-11D3-BF4B-00C04F79EFBC}") = "GoogleGenerativeAI", "GoogleGenerativeAI\GoogleGenerativeAI.csproj", "{1A81DF69-E273-4EEC-8DA7-0A389556FB04}"
EndProject
Global
	GlobalSection(SolutionConfigurationPlatforms) = preSolution
		Debug|Any CPU = Debug|Any CPU
		Release|Any CPU = Release|Any CPU
	EndGlobalSection
	GlobalSection(ProjectConfigurationPlatforms) = postSolution
		{1A81DF69-E273-4EEC-8DA7-0A389556FB04}.Debug|Any CPU.ActiveCfg = Debug|Any CPU
		{1A81DF69-E273-4EEC-8DA7-0A389556FB04}.Debug|Any CPU.Build.0 = Debug|Any CPU
		{1A81DF69-E273-4EEC-8DA7-0A389556FB04}.Release|Any CPU.ActiveCfg = Release|Any CPU
		{1A81DF69-E273-4EEC-8DA7-0A389556FB04}.Release|Any CPU.Build.0 = Release|Any CPU
	EndGlobalSection
	GlobalSection(SolutionProperties) = preSolution
		HideSolutionNode = FALSE
	EndGlobalSection
	GlobalSection(ExtensibilityGlobals) = postSolution
		SolutionGuid = {BEC0FEE0-8D31-418E-BC1B-6EE6C4CE0EDA}
	EndGlobalSection
EndGlobal
